
Microsoft Visual Studio Solution File, Format Version 12.00
# Visual Studio Version 16
VisualStudioVersion = 16.0.29728.190
MinimumVisualStudioVersion = 10.0.40219.1
Project("{FAE04EC0-301F-11D3-BF4B-00C04F79EFBC}") = "Project1_Group12", "Project1_Group12\Project1_Group12.csproj", "{ED84790E-04A5-439C-A223-51BA2645D29D}"
EndProject
Global
	GlobalSection(SolutionConfigurationPlatforms) = preSolution
		Debug|Any CPU = Debug|Any CPU
		Release|Any CPU = Release|Any CPU
	EndGlobalSection
	GlobalSection(ProjectConfigurationPlatforms) = postSolution
		{ED84790E-04A5-439C-A223-51BA2645D29D}.Debug|Any CPU.ActiveCfg = Debug|Any CPU
		{ED84790E-04A5-439C-A223-51BA2645D29D}.Debug|Any CPU.Build.0 = Debug|Any CPU
		{ED84790E-04A5-439C-A223-51BA2645D29D}.Release|Any CPU.ActiveCfg = Release|Any CPU
		{ED84790E-04A5-439C-A223-51BA2645D29D}.Release|Any CPU.Build.0 = Release|Any CPU
	EndGlobalSection
	GlobalSection(SolutionProperties) = preSolution
		HideSolutionNode = FALSE
	EndGlobalSection
	GlobalSection(ExtensibilityGlobals) = postSolution
		SolutionGuid = {55836FA6-41A9-429B-AFA0-0CE8D86EB7F0}
	EndGlobalSection
EndGlobal
